Microsoft Visual Studio Solution File, Format Version 12.00
# Visual Studio 15
VisualStudioVersion = 15.0.26206.0
MinimumVisualStudioVersion = 10.0.40219.1
Project("{FAE04EC0-301F-11D3-BF4B-00C04F79EFBC}") = "Tz.Permissions.Web", "Tz.Permissions\Tz.Permissions.Web.csproj", "{20F5B535-A4DF-42B2-A781-AB2251253943}"
EndProject
Project("{FAE04EC0-301F-11D3-BF4B-00C04F79EFBC}") = "Tz.Permissions.Tests", "Tz.Permissions.Tests\Tz.Permissions.Tests.csproj", "{721BB0A0-C750-462B-B94E-A5F04C0E70A5}"
EndProject
Project("{2150E333-8FDC-42A3-9474-1A3956D46DE8}") = "4.Tz.Infrastructure", "4.Tz.Infrastructure", "{780D6160-E1E6-4D4E-974F-5249241880BA}"
EndProject
Project("{2150E333-8FDC-42A3-9474-1A3956D46DE8}") = "3.Tz.Domain", "3.Tz.Domain", "{0F5651AE-3B4C-4953-87E6-A3BCE3BEEE2D}"
EndProject
Project("{2150E333-8FDC-42A3-9474-1A3956D46DE8}") = "2.Tz.Application", "2.Tz.Application", "{15CDBC98-94F8-4143-AE8E-C76B728F0031}"
EndProject
Project("{2150E333-8FDC-42A3-9474-1A3956D46DE8}") = "1.Tz.UI", "1.Tz.UI", "{F4CF257C-B396-4BDB-864B-7C4A4BA5D37F}"
EndProject
Project("{2150E333-8FDC-42A3-9474-1A3956D46DE8}") = "5.Tz.UnitTests", "5.Tz.UnitTests", "{8CD96369-B1D5-4542-A3C4-3B567A87B65F}"
EndProject
Project("{FAE04EC0-301F-11D3-BF4B-00C04F79EFBC}") = "Tz.Domain", "Tz.Domain\Tz.Domain.csproj", "{3FDAC5D6-E02C-4587-B9EF-2C6D6333CC2A}"
EndProject
Project("{FAE04EC0-301F-11D3-BF4B-00C04F79EFBC}") = "Tz.Utility", "Tz.Utility\Tz.Utility.csproj", "{DC065B5C-D288-4A75-9934-FFCDCE982995}"
EndProject
Project("{FAE04EC0-301F-11D3-BF4B-00C04F79EFBC}") = "Tz.WCF.Service", "Tz.WCF.Service\Tz.WCF.Service.csproj", "{B620AE2B-D50C-4DB2-859E-05591CEA462D}"
EndProject
Global
	GlobalSection(SolutionConfigurationPlatforms) = preSolution
		Debug|Any CPU = Debug|Any CPU
		Release|Any CPU = Release|Any CPU
	EndGlobalSection
	GlobalSection(ProjectConfigurationPlatforms) = postSolution
		{20F5B535-A4DF-42B2-A781-AB2251253943}.Debug|Any CPU.ActiveCfg = Debug|Any CPU
		{20F5B535-A4DF-42B2-A781-AB2251253943}.Debug|Any CPU.Build.0 = Debug|Any CPU
		{20F5B535-A4DF-42B2-A781-AB2251253943}.Release|Any CPU.ActiveCfg = Release|Any CPU
		{20F5B535-A4DF-42B2-A781-AB2251253943}.Release|Any CPU.Build.0 = Release|Any CPU
		{721BB0A0-C750-462B-B94E-A5F04C0E70A5}.Debug|Any CPU.ActiveCfg = Debug|Any CPU
		{721BB0A0-C750-462B-B94E-A5F04C0E70A5}.Debug|Any CPU.Build.0 = Debug|Any CPU
		{721BB0A0-C750-462B-B94E-A5F04C0E70A5}.Release|Any CPU.ActiveCfg = Release|Any CPU
		{721BB0A0-C750-462B-B94E-A5F04C0E70A5}.Release|Any CPU.Build.0 = Release|Any CPU
		{3FDAC5D6-E02C-4587-B9EF-2C6D6333CC2A}.Debug|Any CPU.ActiveCfg = Debug|Any CPU
		{3FDAC5D6-E02C-4587-B9EF-2C6D6333CC2A}.Debug|Any CPU.Build.0 = Debug|Any CPU
		{3FDAC5D6-E02C-4587-B9EF-2C6D6333CC2A}.Release|Any CPU.ActiveCfg = Release|Any CPU
		{3FDAC5D6-E02C-4587-B9EF-2C6D6333CC2A}.Release|Any CPU.Build.0 = Release|Any CPU
		{DC065B5C-D288-4A75-9934-FFCDCE982995}.Debug|Any CPU.ActiveCfg = Debug|Any CPU
		{DC065B5C-D288-4A75-9934-FFCDCE982995}.Debug|Any CPU.Build.0 = Debug|Any CPU
		{DC065B5C-D288-4A75-9934-FFCDCE982995}.Release|Any CPU.ActiveCfg = Release|Any CPU
		{DC065B5C-D288-4A75-9934-FFCDCE982995}.Release|Any CPU.Build.0 = Release|Any CPU
		{B620AE2B-D50C-4DB2-859E-05591CEA462D}.Debug|Any CPU.ActiveCfg = Debug|Any CPU
		{B620AE2B-D50C-4DB2-859E-05591CEA462D}.Debug|Any CPU.Build.0 = Debug|Any CPU
		{B620AE2B-D50C-4DB2-859E-05591CEA462D}.Release|Any CPU.ActiveCfg = Release|Any CPU
		{B620AE2B-D50C-4DB2-859E-05591CEA462D}.Release|Any CPU.Build.0 = Release|Any CPU
	EndGlobalSection
	GlobalSection(SolutionProperties) = preSolution
		HideSolutionNode = FALSE
	EndGlobalSection
	GlobalSection(NestedProjects) = preSolution
		{20F5B535-A4DF-42B2-A781-AB2251253943} = {F4CF257C-B396-4BDB-864B-7C4A4BA5D37F}
		{721BB0A0-C750-462B-B94E-A5F04C0E70A5} = {8CD96369-B1D5-4542-A3C4-3B567A87B65F}
		{3FDAC5D6-E02C-4587-B9EF-2C6D6333CC2A} = {0F5651AE-3B4C-4953-87E6-A3BCE3BEEE2D}
		{DC065B5C-D288-4A75-9934-FFCDCE982995} = {780D6160-E1E6-4D4E-974F-5249241880BA}
		{B620AE2B-D50C-4DB2-859E-05591CEA462D} = {15CDBC98-94F8-4143-AE8E-C76B728F0031}
	EndGlobalSection
EndGlobal
