Microsoft Visual Studio Solution File, Format Version 12.00
# Visual Studio 15
VisualStudioVersion = 15.0.26228.4
MinimumVisualStudioVersion = 10.0.40219.1
Project("{FAE04EC0-301F-11D3-BF4B-00C04F79EFBC}") = "Tz.Permissions.Web", "Tz.Permissions\Tz.Permissions.Web.csproj", "{20F5B535-A4DF-42B2-A781-AB2251253943}"
EndProject
Project("{FAE04EC0-301F-11D3-BF4B-00C04F79EFBC}") = "Tz.Permissions.Tests", "Tz.Permissions.Tests\Tz.Permissions.Tests.csproj", "{721BB0A0-C750-462B-B94E-A5F04C0E70A5}"
EndProject
Project("{2150E333-8FDC-42A3-9474-1A3956D46DE8}") = "4.Tz.Infrastructure", "4.Tz.Infrastructure", "{780D6160-E1E6-4D4E-974F-5249241880BA}"
EndProject
Project("{2150E333-8FDC-42A3-9474-1A3956D46DE8}") = "3.Tz.Domain", "3.Tz.Domain", "{0F5651AE-3B4C-4953-87E6-A3BCE3BEEE2D}"
EndProject
Project("{2150E333-8FDC-42A3-9474-1A3956D46DE8}") = "2.Tz.Application", "2.Tz.Application", "{15CDBC98-94F8-4143-AE8E-C76B728F0031}"
EndProject
Project("{2150E333-8FDC-42A3-9474-1A3956D46DE8}") = "1.Tz.UI", "1.Tz.UI", "{F4CF257C-B396-4BDB-864B-7C4A4BA5D37F}"
EndProject
Project("{2150E333-8FDC-42A3-9474-1A3956D46DE8}") = "5.Tz.UnitTests", "5.Tz.UnitTests", "{8CD96369-B1D5-4542-A3C4-3B567A87B65F}"
EndProject
Project("{FAE04EC0-301F-11D3-BF4B-00C04F79EFBC}") = "Tz.Domain", "Tz.Domain\Tz.Domain.csproj", "{3FDAC5D6-E02C-4587-B9EF-2C6D6333CC2A}"
EndProject
Project("{FAE04EC0-301F-11D3-BF4B-00C04F79EFBC}") = "Tz.Utility", "Tz.Utility\Tz.Utility.csproj", "{DC065B5C-D288-4A75-9934-FFCDCE982995}"
EndProject
Project("{FAE04EC0-301F-11D3-BF4B-00C04F79EFBC}") = "Tz.WCF.Service", "Tz.WCF.Service\Tz.WCF.Service.csproj", "{B620AE2B-D50C-4DB2-859E-05591CEA462D}"
EndProject
Global
	GlobalSection(SolutionConfigurationPlatforms) = preSolution
		Debug|Any CPU = Debug|Any CPU
		Release|Any CPU = Release|Any CPU
	EndGlobalSection
	GlobalSection(ProjectConfigurationPlatforms) = postSolution
		{20F5B535-A4DF-42B2-A781-AB2251253943}.Debug|Any CPU.ActiveCfg = Debug|Any CPU
		{20F5B535-A4DF-42B2-A781-AB2251253943}.Debug|Any CPU.Build.0 = Debug|Any CPU
		{20F5B535-A4DF-42B2-A781-AB2251253943}.Release|Any CPU.ActiveCfg = Release|Any CPU
		{20F5B535-A4DF-42B2-A781-AB2251253943}.Release|Any CPU.Build.0 = Release|Any CPU
		{721BB0A0-C750-462B-B94E-A5F04C0E70A5}.Debug|Any CPU.ActiveCfg = Debug|Any CPU
		{721BB0A0-C750-462B-B94E-A5F04C0E70A5}.Debug|Any CPU.Build.0 = Debug|Any CPU
		{721BB0A0-C750-462B-B94E-A5F04C0E70A5}.Release|Any CPU.ActiveCfg = Release|Any CPU
		{721BB0A0-C750-462B-B94E-A5F04C0E70A5}.Release|Any CPU.Build.0 = Release|Any CPU
		{3FDAC5D6-E02C-4587-B9EF-2C6D6333CC2A}.Debug|Any CPU.ActiveCfg = Debug|Any CPU
		{3FDAC5D6-E02C-4587-B9EF-2C6D6333CC2A}.Debug|Any CPU.Build.0 = Debug|Any CPU
		{3FDAC5D6-E02C-4587-B9EF-2C6D6333CC2A}.Release|Any CPU.ActiveCfg = Release|Any CPU
		{3FDAC5D6-E02C-4587-B9EF-2C6D6333CC2A}.Release|Any CPU.Build.0 = Release|Any CPU
		{DC065B5C-D288-4A75-9934-FFCDCE982995}.Debug|Any CPU.ActiveCfg = Debug|Any CPU
		{DC065B5C-D288-4A75-9934-FFCDCE982995}.Debug|Any CPU.Build.0 = Debug|Any CPU
		{DC065B5C-D288-4A75-9934-FFCDCE982995}.Release|Any CPU.ActiveCfg = Release|Any CPU
		{DC065B5C-D288-4A75-9934-FFCDCE982995}.Release|Any CPU.Build.0 = Release|Any CPU
		{B620AE2B-D50C-4DB2-859E-05591CEA462D}.Debug|Any CPU.ActiveCfg = Debug|Any CPU
		{B620AE2B-D50C-4DB2-859E-05591CEA462D}.Debug|Any CPU.Build.0 = Debug|Any CPU
		{B620AE2B-D50C-4DB2-859E-05591CEA462D}.Release|Any CPU.ActiveCfg = Release|Any CPU
		{B620AE2B-D50C-4DB2-859E-05591CEA462D}.Release|Any CPU.Build.0 = Release|Any CPU
	EndGlobalSection
	GlobalSection(SolutionProperties) = preSolution
		HideSolutionNode = FALSE
	EndGlobalSection
	GlobalSection(NestedProjects) = preSolution
		{20F5B535-A4DF-42B2-A781-AB2251253943} = {F4CF257C-B396-4BDB-864B-7C4A4BA5D37F}
		{721BB0A0-C750-462B-B94E-A5F04C0E70A5} = {8CD96369-B1D5-4542-A3C4-3B567A87B65F}
		{3FDAC5D6-E02C-4587-B9EF-2C6D6333CC2A} = {0F5651AE-3B4C-4953-87E6-A3BCE3BEEE2D}
		{DC065B5C-D288-4A75-9934-FFCDCE982995} = {780D6160-E1E6-4D4E-974F-5249241880BA}
		{B620AE2B-D50C-4DB2-859E-05591CEA462D} = {15CDBC98-94F8-4143-AE8E-C76B728F0031}
	EndGlobalSection
	GlobalSection(MonoDevelopProperties) = preSolution
		Policies = $0
		$0.DotNetNamingPolicy = $1
		$1.DirectoryNamespaceAssociation = PrefixedHierarchical
		$1.ResourceNamePolicy = FileFormatDefault
		$0.NameConventionPolicy = $2
		$2.Rules = $3
		$3.NamingRule = $23
		$4.Name = Namespaces
		$4.AffectedEntity = Namespace
		$4.VisibilityMask = VisibilityMask
		$4.NamingStyle = PascalCase
		$4.IncludeInstanceMembers = True
		$4.IncludeStaticEntities = True
		$5.Name = Types
		$5.AffectedEntity = Class, Struct, Enum, Delegate
		$5.VisibilityMask = Public
		$5.NamingStyle = PascalCase
		$5.IncludeInstanceMembers = True
		$5.IncludeStaticEntities = True
		$6.Name = Interfaces
		$6.RequiredPrefixes = $7
		$7.String = I
		$6.AffectedEntity = Interface
		$6.VisibilityMask = Public
		$6.NamingStyle = PascalCase
		$6.IncludeInstanceMembers = True
		$6.IncludeStaticEntities = True
		$8.Name = Attributes
		$8.RequiredSuffixes = $9
		$9.String = Attribute
		$8.AffectedEntity = CustomAttributes
		$8.VisibilityMask = Public
		$8.NamingStyle = PascalCase
		$8.IncludeInstanceMembers = True
		$8.IncludeStaticEntities = True
		$10.Name = Event Arguments
		$10.RequiredSuffixes = $11
		$11.String = EventArgs
		$10.AffectedEntity = CustomEventArgs
		$10.VisibilityMask = Public
		$10.NamingStyle = PascalCase
		$10.IncludeInstanceMembers = True
		$10.IncludeStaticEntities = True
		$12.Name = Exceptions
		$12.RequiredSuffixes = $13
		$13.String = Exception
		$12.AffectedEntity = CustomExceptions
		$12.VisibilityMask = VisibilityMask
		$12.NamingStyle = PascalCase
		$12.IncludeInstanceMembers = True
		$12.IncludeStaticEntities = True
		$14.Name = Methods
		$14.AffectedEntity = Methods
		$14.VisibilityMask = Protected, Public
		$14.NamingStyle = PascalCase
		$14.IncludeInstanceMembers = True
		$14.IncludeStaticEntities = True
		$15.Name = Static Readonly Fields
		$15.AffectedEntity = ReadonlyField
		$15.VisibilityMask = Protected, Public
		$15.NamingStyle = PascalCase
		$15.IncludeInstanceMembers = False
		$15.IncludeStaticEntities = True
		$16.Name = Fields
		$16.AffectedEntity = Field
		$16.VisibilityMask = Protected, Public
		$16.NamingStyle = PascalCase
		$16.IncludeInstanceMembers = True
		$16.IncludeStaticEntities = True
		$17.Name = ReadOnly Fields
		$17.AffectedEntity = ReadonlyField
		$17.VisibilityMask = Protected, Public
		$17.NamingStyle = PascalCase
		$17.IncludeInstanceMembers = True
		$17.IncludeStaticEntities = False
		$18.Name = Constant Fields
		$18.AffectedEntity = ConstantField
		$18.VisibilityMask = Protected, Public
		$18.NamingStyle = PascalCase
		$18.IncludeInstanceMembers = True
		$18.IncludeStaticEntities = True
		$19.Name = Properties
		$19.AffectedEntity = Property
		$19.VisibilityMask = Protected, Public
		$19.NamingStyle = PascalCase
		$19.IncludeInstanceMembers = True
		$19.IncludeStaticEntities = True
		$20.Name = Events
		$20.AffectedEntity = Event
		$20.VisibilityMask = Protected, Public
		$20.NamingStyle = PascalCase
		$20.IncludeInstanceMembers = True
		$20.IncludeStaticEntities = True
		$21.Name = Enum Members
		$21.AffectedEntity = EnumMember
		$21.VisibilityMask = VisibilityMask
		$21.NamingStyle = PascalCase
		$21.IncludeInstanceMembers = True
		$21.IncludeStaticEntities = True
		$22.Name = Parameters
		$22.AffectedEntity = Parameter
		$22.VisibilityMask = VisibilityMask
		$22.NamingStyle = CamelCase
		$22.IncludeInstanceMembers = True
		$22.IncludeStaticEntities = True
		$23.Name = Type Parameters
		$23.RequiredPrefixes = $24
		$24.String = T
		$23.AffectedEntity = TypeParameter
		$23.VisibilityMask = VisibilityMask
		$23.NamingStyle = PascalCase
		$23.IncludeInstanceMembers = True
		$23.IncludeStaticEntities = True
	EndGlobalSection
EndGlobal
